
Microsoft Visual Studio Solution File, Format Version 12.00
# Visual Studio 15
VisualStudioVersion = 15.0.28307.1259
MinimumVisualStudioVersion = 10.0.40219.1
Project("{FAE04EC0-301F-11D3-BF4B-00C04F79EFBC}") = "CodedUITestMovieRental", "CodedUITestMovieRental\CodedUITestMovieRental.csproj", "{5E102B04-F64E-4181-B913-4B4319BF079F}"
EndProject
Global
	GlobalSection(SolutionConfigurationPlatforms) = preSolution
		Debug|Any CPU = Debug|Any CPU
		Release|Any CPU = Release|Any CPU
	EndGlobalSection
	GlobalSection(ProjectConfigurationPlatforms) = postSolution
		{5E102B04-F64E-4181-B913-4B4319BF079F}.Debug|Any CPU.ActiveCfg = Debug|Any CPU
		{5E102B04-F64E-4181-B913-4B4319BF079F}.Debug|Any CPU.Build.0 = Debug|Any CPU
		{5E102B04-F64E-4181-B913-4B4319BF079F}.Release|Any CPU.ActiveCfg = Release|Any CPU
		{5E102B04-F64E-4181-B913-4B4319BF079F}.Release|Any CPU.Build.0 = Release|Any CPU
	EndGlobalSection
	GlobalSection(SolutionProperties) = preSolution
		HideSolutionNode = FALSE
	EndGlobalSection
	GlobalSection(ExtensibilityGlobals) = postSolution
		SolutionGuid = {6ADB3BA6-76E2-48E7-ADC6-D6690173B8ED}
	EndGlobalSection
EndGlobal
