
Microsoft Visual Studio Solution File, Format Version 12.00
# Visual Studio 15
VisualStudioVersion = 15.0.28307.1259
MinimumVisualStudioVersion = 10.0.40219.1
Project("{9A19103F-16F7-4668-BE54-9A1E7A4F7556}") = "MovieRental", "MovieRental\MovieRental.csproj", "{C1C69CDF-0F2F-4FB8-A2BA-7C4D87D562FC}"
EndProject
Project("{FAE04EC0-301F-11D3-BF4B-00C04F79EFBC}") = "UnitTestProject1", "UnitTestProject1\UnitTestProject1.csproj", "{ACEDE353-DBE8-4CC0-AC79-01AFA8846DEC}"
EndProject
Global
	GlobalSection(SolutionConfigurationPlatforms) = preSolution
		Debug|Any CPU = Debug|Any CPU
		Release|Any CPU = Release|Any CPU
	EndGlobalSection
	GlobalSection(ProjectConfigurationPlatforms) = postSolution
		{C1C69CDF-0F2F-4FB8-A2BA-7C4D87D562FC}.Debug|Any CPU.ActiveCfg = Debug|Any CPU
		{C1C69CDF-0F2F-4FB8-A2BA-7C4D87D562FC}.Debug|Any CPU.Build.0 = Debug|Any CPU
		{C1C69CDF-0F2F-4FB8-A2BA-7C4D87D562FC}.Release|Any CPU.ActiveCfg = Release|Any CPU
		{C1C69CDF-0F2F-4FB8-A2BA-7C4D87D562FC}.Release|Any CPU.Build.0 = Release|Any CPU
		{ACEDE353-DBE8-4CC0-AC79-01AFA8846DEC}.Debug|Any CPU.ActiveCfg = Debug|Any CPU
		{ACEDE353-DBE8-4CC0-AC79-01AFA8846DEC}.Debug|Any CPU.Build.0 = Debug|Any CPU
		{ACEDE353-DBE8-4CC0-AC79-01AFA8846DEC}.Release|Any CPU.ActiveCfg = Release|Any CPU
		{ACEDE353-DBE8-4CC0-AC79-01AFA8846DEC}.Release|Any CPU.Build.0 = Release|Any CPU
	EndGlobalSection
	GlobalSection(SolutionProperties) = preSolution
		HideSolutionNode = FALSE
	EndGlobalSection
	GlobalSection(ExtensibilityGlobals) = postSolution
		SolutionGuid = {374A282B-1064-414C-88FB-7B2E65070BCE}
	EndGlobalSection
EndGlobal
